
Microsoft Visual Studio Solution File, Format Version 12.00
# Visual Studio Version 17
VisualStudioVersion = 17.4.33122.133
MinimumVisualStudioVersion = 10.0.40219.1
Project("{FAE04EC0-301F-11D3-BF4B-00C04F79EFBC}") = "SemanticExample", "SemanticExample\SemanticExample.csproj", "{B767AE6D-660E-4309-9092-082B2F026578}"
EndProject
Global
	GlobalSection(SolutionConfigurationPlatforms) = preSolution
		Debug|Any CPU = Debug|Any CPU
		Release|Any CPU = Release|Any CPU
	EndGlobalSection
	GlobalSection(ProjectConfigurationPlatforms) = postSolution
		{B767AE6D-660E-4309-9092-082B2F026578}.Debug|Any CPU.ActiveCfg = Debug|Any CPU
		{B767AE6D-660E-4309-9092-082B2F026578}.Debug|Any CPU.Build.0 = Debug|Any CPU
		{B767AE6D-660E-4309-9092-082B2F026578}.Release|Any CPU.ActiveCfg = Release|Any CPU
		{B767AE6D-660E-4309-9092-082B2F026578}.Release|Any CPU.Build.0 = Release|Any CPU
	EndGlobalSection
	GlobalSection(SolutionProperties) = preSolution
		HideSolutionNode = FALSE
	EndGlobalSection
	GlobalSection(ExtensibilityGlobals) = postSolution
		SolutionGuid = {A3C08BCC-153D-4697-9D95-1A78BCD5FD41}
	EndGlobalSection
EndGlobal
